// !$*UTF8*$!
{
	archiveVersion = 1;
	classes = {
	};
	objectVersion = 56;
	objects = {
		34CCE894E8B44052B79C29B2 /* ReaderApp.swift */ = {isa = PBXFileReference; explicitFileType = sourcecode.swift; fileEncoding = 4; name = "ReaderApp.swift"; path = "ReaderApp/ReaderApp.swift"; sourceTree = SOURCE_ROOT; };
		31969B281963408A8F22E760 /* Book.swift */ = {isa = PBXFileReference; explicitFileType = sourcecode.swift; fileEncoding = 4; name = "Book.swift"; path = "ReaderApp/Models/Book.swift"; sourceTree = SOURCE_ROOT; };
		C21D7CC1B7F149E3A6870942 /* BookSource.swift */ = {isa = PBXFileReference; explicitFileType = sourcecode.swift; fileEncoding = 4; name = "BookSource.swift"; path = "ReaderApp/Models/BookSource.swift"; sourceTree = SOURCE_ROOT; };
		1B406835ADB14B2FA104C676 /* ReaderAPI.swift */ = {isa = PBXFileReference; explicitFileType = sourcecode.swift; fileEncoding = 4; name = "ReaderAPI.swift"; path = "ReaderApp/Services/ReaderAPI.swift"; sourceTree = SOURCE_ROOT; };
		D986317CB30F4342BC94F2AA /* ServerManager.swift */ = {isa = PBXFileReference; explicitFileType = sourcecode.swift; fileEncoding = 4; name = "ServerManager.swift"; path = "ReaderApp/Services/ServerManager.swift"; sourceTree = SOURCE_ROOT; };
		6775558EEF26488B93FA36B4 /* MainTabView.swift */ = {isa = PBXFileReference; explicitFileType = sourcecode.swift; fileEncoding = 4; name = "MainTabView.swift"; path = "ReaderApp/Views/MainTabView.swift"; sourceTree = SOURCE_ROOT; };
		340EB8377C0F4622B8D4C183 /* ReaderView.swift */ = {isa = PBXFileReference; explicitFileType = sourcecode.swift; fileEncoding = 4; name = "ReaderView.swift"; path = "ReaderApp/Views/ReaderView.swift"; sourceTree = SOURCE_ROOT; };
		0CA5A4433A2947E084AD5DEB /* SearchView.swift */ = {isa = PBXFileReference; explicitFileType = sourcecode.swift; fileEncoding = 4; name = "SearchView.swift"; path = "ReaderApp/Views/SearchView.swift"; sourceTree = SOURCE_ROOT; };
		9EF880B7BD724A59A4F3B8CE /* SettingsView.swift */ = {isa = PBXFileReference; explicitFileType = sourcecode.swift; fileEncoding = 4; name = "SettingsView.swift"; path = "ReaderApp/Views/SettingsView.swift"; sourceTree = SOURCE_ROOT; };
		0E674954C21E4DFA97D18CA4 /* SetupView.swift */ = {isa = PBXFileReference; explicitFileType = sourcecode.swift; fileEncoding = 4; name = "SetupView.swift"; path = "ReaderApp/Views/SetupView.swift"; sourceTree = SOURCE_ROOT; };
		D4FA06EC2FF543EDB0C64492 /* ShelfView.swift */ = {isa = PBXFileReference; explicitFileType = sourcecode.swift; fileEncoding = 4; name = "ShelfView.swift"; path = "ReaderApp/Views/ShelfView.swift"; sourceTree = SOURCE_ROOT; };
		AEB34D88049841CAB84DA2FA /* Info.plist */ = {isa = PBXFileReference; lastKnownFileType = text.plist.xml; name = "Info.plist"; path = "ReaderApp/Info.plist"; sourceTree = SOURCE_ROOT; };
		BD2AA216E38C4AC0AC8B4E0A /* Assets.xcassets */ = {isa = PBXFileReference; lastKnownFileType = folder.assetcatalog; name = "Assets.xcassets"; path = "ReaderApp/Assets.xcassets"; sourceTree = SOURCE_ROOT; };
		69F4E6BD28B146E6AE34E643 /* ReaderApp.app */ = {isa = PBXFileReference; explicitFileType = wrapper.application; includeInIndex = 0; path = ReaderApp.app; sourceTree = BUILT_PRODUCTS_DIR; };
		67EABFA23D3D4283961DC6B0 /* ReaderApp.swift in Sources */ = {isa = PBXBuildFile; fileRef = 34CCE894E8B44052B79C29B2; };
		2C7A50B933374D2BAB7D595B /* Book.swift in Sources */ = {isa = PBXBuildFile; fileRef = 31969B281963408A8F22E760; };
		169E34F387B3491280E1ABBA /* BookSource.swift in Sources */ = {isa = PBXBuildFile; fileRef = C21D7CC1B7F149E3A6870942; };
		7097B897B9B1449A96116F85 /* ReaderAPI.swift in Sources */ = {isa = PBXBuildFile; fileRef = 1B406835ADB14B2FA104C676; };
		C8E5C3CD7325469591C77238 /* ServerManager.swift in Sources */ = {isa = PBXBuildFile; fileRef = D986317CB30F4342BC94F2AA; };
		F4314D097840403F93FA5764 /* MainTabView.swift in Sources */ = {isa = PBXBuildFile; fileRef = 6775558EEF26488B93FA36B4; };
		4B0E04EDED644078ADDCBA55 /* ReaderView.swift in Sources */ = {isa = PBXBuildFile; fileRef = 340EB8377C0F4622B8D4C183; };
		3C759F71537342DBA6FAEF2D /* SearchView.swift in Sources */ = {isa = PBXBuildFile; fileRef = 0CA5A4433A2947E084AD5DEB; };
		FB485389988D4C6B892515CE /* SettingsView.swift in Sources */ = {isa = PBXBuildFile; fileRef = 9EF880B7BD724A59A4F3B8CE; };
		D47250D97DA64FD9A63570FB /* SetupView.swift in Sources */ = {isa = PBXBuildFile; fileRef = 0E674954C21E4DFA97D18CA4; };
		66344F4AE0D74B22863A4765 /* ShelfView.swift in Sources */ = {isa = PBXBuildFile; fileRef = D4FA06EC2FF543EDB0C64492; };
		0573C8A1E3B94A3C9A2D5D67 = {isa = PBXGroup; children = ( 34CCE894E8B44052B79C29B2, 31969B281963408A8F22E760, C21D7CC1B7F149E3A6870942, 1B406835ADB14B2FA104C676, D986317CB30F4342BC94F2AA, 6775558EEF26488B93FA36B4, 340EB8377C0F4622B8D4C183, 0CA5A4433A2947E084AD5DEB, 9EF880B7BD724A59A4F3B8CE, 0E674954C21E4DFA97D18CA4, D4FA06EC2FF543EDB0C64492, AEB34D88049841CAB84DA2FA, BD2AA216E38C4AC0AC8B4E0A ); name = ReaderApp; path = ReaderApp; sourceTree = SOURCE_ROOT; };
		B09711A009F142D19AB4DBE0 = {isa = PBXGroup; children = ( 69F4E6BD28B146E6AE34E643 ); name = Products; sourceTree = "<group>"; };
		648DD16818F24F96B6EF7970 = {isa = PBXGroup; children = ( 0573C8A1E3B94A3C9A2D5D67, B09711A009F142D19AB4DBE0 ); sourceTree = "<group>"; };
		4B33A2F03A684355B23B7A83 /* Sources */ = {isa = PBXSourcesBuildPhase; buildActionMask = 2147483647; files = ( 67EABFA23D3D4283961DC6B0, 2C7A50B933374D2BAB7D595B, 169E34F387B3491280E1ABBA, 7097B897B9B1449A96116F85, C8E5C3CD7325469591C77238, F4314D097840403F93FA5764, 4B0E04EDED644078ADDCBA55, 3C759F71537342DBA6FAEF2D, FB485389988D4C6B892515CE, D47250D97DA64FD9A63570FB, 66344F4AE0D74B22863A4765 ); runOnlyForDeploymentPostprocessing = 0; };
		8819370EB68043CC89072CF5 /* Frameworks */ = {isa = PBXFrameworksBuildPhase; buildActionMask = 2147483647; files = ( ); runOnlyForDeploymentPostprocessing = 0; };
		94509F50F4564080970D584F /* Resources */ = {isa = PBXResourcesBuildPhase; buildActionMask = 2147483647; files = ( ); runOnlyForDeploymentPostprocessing = 0; };
		CBAA699443D8436A938AF682 /* ReaderApp */ = {isa = PBXNativeTarget; buildConfigurationList = 9780D56EA58644B3988697FB; buildPhases = ( 4B33A2F03A684355B23B7A83, 8819370EB68043CC89072CF5, 94509F50F4564080970D584F ); buildRules = ( ); dependencies = ( ); name = ReaderApp; productName = ReaderApp; productReference = 69F4E6BD28B146E6AE34E643; productType = "com.apple.product-type.application"; };
		8E17AA27B43F4A0187EB43C0 /* Debug */ = {isa = XCBuildConfiguration; buildSettings = { ASSETCATALOG_COMPILER_APPICON_NAME = AppIcon; CODE_SIGN_STYLE = Automatic; CURRENT_PROJECT_VERSION = 1; GENERATE_INFOPLIST_FILE = NO; INFOPLIST_FILE = ReaderApp/Info.plist; IPHONEOS_DEPLOYMENT_TARGET = 15.0; MARKETING_VERSION = 1.0.0; PRODUCT_BUNDLE_IDENTIFIER = com.gogo564.reader; PRODUCT_NAME = ReaderApp; SWIFT_VERSION = 5.0; TARGETED_DEVICE_FAMILY = "1,2"; }; name = Debug; };
		A6825C15E732435CBE4EA12F /* Release */ = {isa = XCBuildConfiguration; buildSettings = { ASSETCATALOG_COMPILER_APPICON_NAME = AppIcon; CODE_SIGN_STYLE = Automatic; CURRENT_PROJECT_VERSION = 1; GENERATE_INFOPLIST_FILE = NO; INFOPLIST_FILE = ReaderApp/Info.plist; IPHONEOS_DEPLOYMENT_TARGET = 15.0; MARKETING_VERSION = 1.0.0; PRODUCT_BUNDLE_IDENTIFIER = com.gogo564.reader; PRODUCT_NAME = ReaderApp; SWIFT_VERSION = 5.0; TARGETED_DEVICE_FAMILY = "1,2"; }; name = Release; };
		9780D56EA58644B3988697FB = {isa = XCConfigurationList; buildConfigurations = ( 8E17AA27B43F4A0187EB43C0, A6825C15E732435CBE4EA12F ); defaultConfigurationIsVisible = 0; defaultConfigurationName = Release; };
		3C7F355734AC42BFBF3838C0 /* Debug */ = {isa = XCBuildConfiguration; buildSettings = { ALWAYS_SEARCH_USER_PATHS = NO; CLANG_ANALYZER_NONNULL = YES; CLANG_CXX_LANGUAGE_STANDARD = "gnu++0x"; CLANG_ENABLE_MODULES = YES; CLANG_ENABLE_OBJC_ARC = YES; COPY_PHASE_STRIP = NO; DEBUG_INFORMATION_FORMAT = dwarf; ENABLE_STRICT_OBJC_MSGSEND = YES; ENABLE_TESTABILITY = YES; GCC_DYNAMIC_NO_PIC = NO; GCC_OPTIMIZATION_LEVEL = 0; GCC_PREPROCESSOR_DEFINITIONS = ( "DEBUG=1", "$(inherited)" ); IPHONEOS_DEPLOYMENT_TARGET = 16.0; MTL_ENABLE_DEBUG_INFO = INCLUDE_SOURCE; ONLY_ACTIVE_ARCH = YES; SDKROOT = iphoneos; SWIFT_ACTIVE_COMPILATION_CONDITIONS = DEBUG; SWIFT_OPTIMIZATION_LEVEL = "-Onone"; }; name = Debug; };
		94DC024CBF514EF79B3A25AA /* Release */ = {isa = XCBuildConfiguration; buildSettings = { ALWAYS_SEARCH_USER_PATHS = NO; CLANG_ANALYZER_NONNULL = YES; CLANG_CXX_LANGUAGE_STANDARD = "gnu++0x"; CLANG_ENABLE_MODULES = YES; CLANG_ENABLE_OBJC_ARC = YES; COPY_PHASE_STRIP = NO; DEBUG_INFORMATION_FORMAT = "dwarf-with-dsym"; ENABLE_NS_ASSERTIONS = NO; ENABLE_STRICT_OBJC_MSGSEND = YES; GCC_OPTIMIZATION_LEVEL = s; IPHONEOS_DEPLOYMENT_TARGET = 16.0; MTL_ENABLE_DEBUG_INFO = NO; SDKROOT = iphoneos; SWIFT_COMPILATION_MODE = wholemodule; SWIFT_OPTIMIZATION_LEVEL = "-O"; VALIDATE_PRODUCT = YES; }; name = Release; };
		0FF74CDD832945E39EDC636C = {isa = XCConfigurationList; buildConfigurations = ( 3C7F355734AC42BFBF3838C0, 94DC024CBF514EF79B3A25AA ); defaultConfigurationIsVisible = 0; defaultConfigurationName = Release; };
		34FFF7AFEA354935B24567AE /* Project object */ = {isa = PBXProject; attributes = { BuildIndependentTargetsInParallel = 1; LastSwiftUpdateComment = 1; LastUpgradeCheck = 1; }; buildConfigurationList = 0FF74CDD832945E39EDC636C; compatibilityVersion = "Xcode 14.0"; developmentRegion = en; hasScannedForEncodings = 0; knownRegions = ( en, Base, ); mainGroup = 648DD16818F24F96B6EF7970; productRefGroup = B09711A009F142D19AB4DBE0; projectDirPath = ""; projectRoot = ""; targets = ( CBAA699443D8436A938AF682 ); };
	};
	rootObject = 34FFF7AFEA354935B24567AE /* Project object */;
}
