// !$*UTF8*$!
{
	archiveVersion = 1;
	classes = {
	};
	objectVersion = 56;
	objects = {
		27B35CD268E14373B2BC832E /* ReaderApp.swift */ = {isa = PBXFileReference; explicitFileType = sourcecode.swift; fileEncoding = 4; name = "ReaderApp.swift"; path = "ReaderApp/ReaderApp.swift"; sourceTree = SOURCE_ROOT; };
		DCAC1DFD64C040EDAEEE3004 /* Book.swift */ = {isa = PBXFileReference; explicitFileType = sourcecode.swift; fileEncoding = 4; name = "Book.swift"; path = "ReaderApp/Models/Book.swift"; sourceTree = SOURCE_ROOT; };
		EC8B17D5F6804C4D9F74FCBE /* BookSource.swift */ = {isa = PBXFileReference; explicitFileType = sourcecode.swift; fileEncoding = 4; name = "BookSource.swift"; path = "ReaderApp/Models/BookSource.swift"; sourceTree = SOURCE_ROOT; };
		237CF566F2A04FB2B0507ACD /* ReaderAPI.swift */ = {isa = PBXFileReference; explicitFileType = sourcecode.swift; fileEncoding = 4; name = "ReaderAPI.swift"; path = "ReaderApp/Services/ReaderAPI.swift"; sourceTree = SOURCE_ROOT; };
		D018EE00203E45AB981CF08C /* ServerManager.swift */ = {isa = PBXFileReference; explicitFileType = sourcecode.swift; fileEncoding = 4; name = "ServerManager.swift"; path = "ReaderApp/Services/ServerManager.swift"; sourceTree = SOURCE_ROOT; };
		450DA1C9170644D784EDE22A /* MainTabView.swift */ = {isa = PBXFileReference; explicitFileType = sourcecode.swift; fileEncoding = 4; name = "MainTabView.swift"; path = "ReaderApp/Views/MainTabView.swift"; sourceTree = SOURCE_ROOT; };
		1FF725C255AE439CBBC7EFB3 /* ReaderView.swift */ = {isa = PBXFileReference; explicitFileType = sourcecode.swift; fileEncoding = 4; name = "ReaderView.swift"; path = "ReaderApp/Views/ReaderView.swift"; sourceTree = SOURCE_ROOT; };
		95674464CBCF415EA9ED71EE /* SearchView.swift */ = {isa = PBXFileReference; explicitFileType = sourcecode.swift; fileEncoding = 4; name = "SearchView.swift"; path = "ReaderApp/Views/SearchView.swift"; sourceTree = SOURCE_ROOT; };
		47A4DD8AB20A424390F287BD /* SettingsView.swift */ = {isa = PBXFileReference; explicitFileType = sourcecode.swift; fileEncoding = 4; name = "SettingsView.swift"; path = "ReaderApp/Views/SettingsView.swift"; sourceTree = SOURCE_ROOT; };
		61A7A45D1B7046C3B3ACACD1 /* SetupView.swift */ = {isa = PBXFileReference; explicitFileType = sourcecode.swift; fileEncoding = 4; name = "SetupView.swift"; path = "ReaderApp/Views/SetupView.swift"; sourceTree = SOURCE_ROOT; };
		6A9187D5980747D1A7FDE8CA /* ShelfView.swift */ = {isa = PBXFileReference; explicitFileType = sourcecode.swift; fileEncoding = 4; name = "ShelfView.swift"; path = "ReaderApp/Views/ShelfView.swift"; sourceTree = SOURCE_ROOT; };
		97AEE2D3EC9C47D693A0A528 /* Info.plist */ = {isa = PBXFileReference; lastKnownFileType = text.plist.xml; name = "Info.plist"; path = "ReaderApp/Info.plist"; sourceTree = SOURCE_ROOT; };
		FB66046A0D1142F7A6ABC230 /* Assets.xcassets */ = {isa = PBXFileReference; lastKnownFileType = folder.assetcatalog; name = "Assets.xcassets"; path = "ReaderApp/Assets.xcassets"; sourceTree = SOURCE_ROOT; };
		B9869771E8FD49AD8282918B /* ReaderApp.app */ = {isa = PBXFileReference; explicitFileType = wrapper.application; includeInIndex = 0; path = ReaderApp.app; sourceTree = BUILT_PRODUCTS_DIR; };
		92C57AC5037B444B997690A1 /* ReaderApp.swift in Sources */ = {isa = PBXBuildFile; fileRef = 27B35CD268E14373B2BC832E; };
		A4B099E97C794E81820AA04E /* Book.swift in Sources */ = {isa = PBXBuildFile; fileRef = DCAC1DFD64C040EDAEEE3004; };
		AB12F389E78546E7A895580B /* BookSource.swift in Sources */ = {isa = PBXBuildFile; fileRef = EC8B17D5F6804C4D9F74FCBE; };
		61E7636048BC4601A1801F43 /* ReaderAPI.swift in Sources */ = {isa = PBXBuildFile; fileRef = 237CF566F2A04FB2B0507ACD; };
		F50CAA84D4074730A6791E82 /* ServerManager.swift in Sources */ = {isa = PBXBuildFile; fileRef = D018EE00203E45AB981CF08C; };
		D42E34E1128A4276A5565537 /* MainTabView.swift in Sources */ = {isa = PBXBuildFile; fileRef = 450DA1C9170644D784EDE22A; };
		F41876BCA97E4F23B41B9C9F /* ReaderView.swift in Sources */ = {isa = PBXBuildFile; fileRef = 1FF725C255AE439CBBC7EFB3; };
		DAD7B663BE314A67962E3A6B /* SearchView.swift in Sources */ = {isa = PBXBuildFile; fileRef = 95674464CBCF415EA9ED71EE; };
		31CACECAA3564A2DB47C0F2A /* SettingsView.swift in Sources */ = {isa = PBXBuildFile; fileRef = 47A4DD8AB20A424390F287BD; };
		9461CD153C2A4ACB92B99FCE /* SetupView.swift in Sources */ = {isa = PBXBuildFile; fileRef = 61A7A45D1B7046C3B3ACACD1; };
		0124E05AFF8344AFAB081FA9 /* ShelfView.swift in Sources */ = {isa = PBXBuildFile; fileRef = 6A9187D5980747D1A7FDE8CA; };
		96822438DD5C45D980609C77 = {isa = PBXGroup; children = ( 27B35CD268E14373B2BC832E, DCAC1DFD64C040EDAEEE3004, EC8B17D5F6804C4D9F74FCBE, 237CF566F2A04FB2B0507ACD, D018EE00203E45AB981CF08C, 450DA1C9170644D784EDE22A, 1FF725C255AE439CBBC7EFB3, 95674464CBCF415EA9ED71EE, 47A4DD8AB20A424390F287BD, 61A7A45D1B7046C3B3ACACD1, 6A9187D5980747D1A7FDE8CA, 97AEE2D3EC9C47D693A0A528, FB66046A0D1142F7A6ABC230 ); name = ReaderApp; path = ReaderApp; sourceTree = SOURCE_ROOT; };
		ABA37FB3521849ACAE97E8E5 = {isa = PBXGroup; children = ( B9869771E8FD49AD8282918B ); name = Products; sourceTree = "<group>"; };
		56252CB08AFD432FA1FD0C5F = {isa = PBXGroup; children = ( 96822438DD5C45D980609C77, ABA37FB3521849ACAE97E8E5 ); sourceTree = "<group>"; };
		547149CA921948409CD793EF /* Sources */ = {isa = PBXSourcesBuildPhase; buildActionMask = 2147483647; files = ( 92C57AC5037B444B997690A1, A4B099E97C794E81820AA04E, AB12F389E78546E7A895580B, 61E7636048BC4601A1801F43, F50CAA84D4074730A6791E82, D42E34E1128A4276A5565537, F41876BCA97E4F23B41B9C9F, DAD7B663BE314A67962E3A6B, 31CACECAA3564A2DB47C0F2A, 9461CD153C2A4ACB92B99FCE, 0124E05AFF8344AFAB081FA9 ); runOnlyForDeploymentPostprocessing = 0; };
		528A5A9EC7874776B0C99537 /* Frameworks */ = {isa = PBXFrameworksBuildPhase; buildActionMask = 2147483647; files = ( ); runOnlyForDeploymentPostprocessing = 0; };
		99C82A2656954C3E8BF217E4 /* Resources */ = {isa = PBXResourcesBuildPhase; buildActionMask = 2147483647; files = ( ); runOnlyForDeploymentPostprocessing = 0; };
		064B34FDD9C7444BA3A3B520 /* ReaderApp */ = {isa = PBXNativeTarget; buildConfigurationList = 8CE47DC4B95648D78ECB9752; buildPhases = ( 547149CA921948409CD793EF, 528A5A9EC7874776B0C99537, 99C82A2656954C3E8BF217E4 ); buildRules = ( ); dependencies = ( ); name = ReaderApp; productName = ReaderApp; productReference = B9869771E8FD49AD8282918B; productType = "com.apple.product-type.application"; };
		D98834682A7D435F9FB79C8C /* Debug */ = {isa = XCBuildConfiguration; buildSettings = { ASSETCATALOG_COMPILER_APPICON_NAME = AppIcon; CODE_SIGN_STYLE = Automatic; CURRENT_PROJECT_VERSION = 1; GENERATE_INFOPLIST_FILE = NO; INFOPLIST_FILE = ReaderApp/Info.plist; IPHONEOS_DEPLOYMENT_TARGET = 16.0; MARKETING_VERSION = 1.0.0; PRODUCT_BUNDLE_IDENTIFIER = com.gogo564.reader; PRODUCT_NAME = ReaderApp; SWIFT_VERSION = 5.0; TARGETED_DEVICE_FAMILY = "1,2"; }; name = Debug; };
		45F0BD1253B9407F8E517980 /* Release */ = {isa = XCBuildConfiguration; buildSettings = { ASSETCATALOG_COMPILER_APPICON_NAME = AppIcon; CODE_SIGN_STYLE = Automatic; CURRENT_PROJECT_VERSION = 1; GENERATE_INFOPLIST_FILE = NO; INFOPLIST_FILE = ReaderApp/Info.plist; IPHONEOS_DEPLOYMENT_TARGET = 16.0; MARKETING_VERSION = 1.0.0; PRODUCT_BUNDLE_IDENTIFIER = com.gogo564.reader; PRODUCT_NAME = ReaderApp; SWIFT_VERSION = 5.0; TARGETED_DEVICE_FAMILY = "1,2"; }; name = Release; };
		8CE47DC4B95648D78ECB9752 = {isa = XCConfigurationList; buildConfigurations = ( D98834682A7D435F9FB79C8C, 45F0BD1253B9407F8E517980 ); defaultConfigurationIsVisible = 0; defaultConfigurationName = Release; };
		45973D447591483EBBE4EEDF /* Debug */ = {isa = XCBuildConfiguration; buildSettings = { ALWAYS_SEARCH_USER_PATHS = NO; CLANG_ANALYZER_NONNULL = YES; CLANG_CXX_LANGUAGE_STANDARD = "gnu++0x"; CLANG_ENABLE_MODULES = YES; CLANG_ENABLE_OBJC_ARC = YES; COPY_PHASE_STRIP = NO; DEBUG_INFORMATION_FORMAT = dwarf; ENABLE_STRICT_OBJC_MSGSEND = YES; ENABLE_TESTABILITY = YES; GCC_DYNAMIC_NO_PIC = NO; GCC_OPTIMIZATION_LEVEL = 0; GCC_PREPROCESSOR_DEFINITIONS = ( "DEBUG=1", "$(inherited)" ); IPHONEOS_DEPLOYMENT_TARGET = 16.0; MTL_ENABLE_DEBUG_INFO = INCLUDE_SOURCE; ONLY_ACTIVE_ARCH = YES; SDKROOT = iphoneos; SWIFT_ACTIVE_COMPILATION_CONDITIONS = DEBUG; SWIFT_OPTIMIZATION_LEVEL = "-Onone"; }; name = Debug; };
		0DED7C1B75A940C1B272EBB9 /* Release */ = {isa = XCBuildConfiguration; buildSettings = { ALWAYS_SEARCH_USER_PATHS = NO; CLANG_ANALYZER_NONNULL = YES; CLANG_CXX_LANGUAGE_STANDARD = "gnu++0x"; CLANG_ENABLE_MODULES = YES; CLANG_ENABLE_OBJC_ARC = YES; COPY_PHASE_STRIP = NO; DEBUG_INFORMATION_FORMAT = "dwarf-with-dsym"; ENABLE_NS_ASSERTIONS = NO; ENABLE_STRICT_OBJC_MSGSEND = YES; GCC_OPTIMIZATION_LEVEL = s; IPHONEOS_DEPLOYMENT_TARGET = 16.0; MTL_ENABLE_DEBUG_INFO = NO; SDKROOT = iphoneos; SWIFT_COMPILATION_MODE = wholemodule; SWIFT_OPTIMIZATION_LEVEL = "-O"; VALIDATE_PRODUCT = YES; }; name = Release; };
		EE8C4C877A3E43258539B518 = {isa = XCConfigurationList; buildConfigurations = ( 45973D447591483EBBE4EEDF, 0DED7C1B75A940C1B272EBB9 ); defaultConfigurationIsVisible = 0; defaultConfigurationName = Release; };
		CE9854E3F917499F89619F91 /* Project object */ = {isa = PBXProject; attributes = { BuildIndependentTargetsInParallel = 1; LastSwiftUpdateComment = 1; LastUpgradeCheck = 1; }; buildConfigurationList = EE8C4C877A3E43258539B518; compatibilityVersion = "Xcode 14.0"; developmentRegion = en; hasScannedForEncodings = 0; knownRegions = ( en, Base, ); mainGroup = 56252CB08AFD432FA1FD0C5F; productRefGroup = ABA37FB3521849ACAE97E8E5; projectDirPath = ""; projectRoot = ""; targets = ( 064B34FDD9C7444BA3A3B520 ); };
	};
	rootObject = CE9854E3F917499F89619F91 /* Project object */;
}
